hash: 7618a39bd71cd68b550791994810100fbfbc137ded146aafaf181d15e367d883
updated: 2016-09-19T12:15:12.92154962+03:00
imports:
- name: github.com/aws/aws-sdk-go
  version: ddfd17ec06eee10c24c5c474633273fd034afdda
  subpackages:
  - aws
  - aws/awserr
  - aws/awsutil
  - aws/client
  - aws/client/metadata
  - aws/corehandlers
  - aws/credentials
  - aws/credentials/ec2rolecreds
  - aws/credentials/endpointcreds
  - aws/credentials/stscreds
  - aws/defaults
  - aws/ec2metadata
  - aws/request
  - aws/session
  - aws/signer/v4
  - private/endpoints
  - private/protocol
  - private/protocol/query
  - private/protocol/query/queryutil
  - private/protocol/rest
  - private/protocol/xml/xmlutil
  - service/elbv2
  - service/sts
- name: github.com/go-ini/ini
  version: 6e4869b434bd001f6983749881c7ead3545887d8
- name: github.com/jmespath/go-jmespath
  version: bd40a432e4c76585ef6b72d3fd96fb9b6dc7b68d
testImports: []
